PODS:
  - ApptentiveKit (6.0.12)
  - mParticle-Apple-SDK (8.5.0):
    - mParticle-Apple-SDK/mParticle (= 8.5.0)
  - mParticle-Apple-SDK/mParticle (8.5.0)
  - mParticle-Apptentive (8.0.10):
    - ApptentiveKit (= 6.0.12)
    - mParticle-Apple-SDK/mParticle (~> 8.0)

DEPENDENCIES:
  - mParticle-Apple-SDK
  - mParticle-Apptentive (= 8.0.10)

SPEC REPOS:
  https://github.com/apptentive/cocoapods-specs.git:
    - ApptentiveKit
    - mParticle-Apptentive
  trunk:
    - mParticle-Apple-SDK

SPEC CHECKSUMS:
  ApptentiveKit: 9e22a6ede62b422efc4a33ed0e4ac8701ef0cbb6
  mParticle-Apple-SDK: d43817eadb62a9977954d07abcde7e738b25f089
  mParticle-Apptentive: 38df0c69b2584c13a4d4f4acad9edfec8bea5b41

PODFILE CHECKSUM: 13e00fb2b9c10abf2df9e64e46e9aaf3528d32dc

COCOAPODS: 1.10.2
