PODS:
  - ApptentiveKit (6.0.0)
  - mParticle-Apple-SDK (8.7.0):
    - mParticle-Apple-SDK/mParticle (= 8.7.0)
  - mParticle-Apple-SDK/mParticle (8.7.0)
  - mParticle-Apptentive (8.0.4):
    - ApptentiveKit (~> 6.0)
    - mParticle-Apple-SDK/mParticle (~> 8.0)

DEPENDENCIES:
  - mParticle-Apple-SDK
  - mParticle-Apptentive (from `../mparticle-apple-integration-apptentive`)

SPEC REPOS:
  trunk:
    - ApptentiveKit
    - mParticle-Apple-SDK

EXTERNAL SOURCES:
  mParticle-Apptentive:
    :path: "../mparticle-apple-integration-apptentive"

SPEC CHECKSUMS:
  ApptentiveKit: 507088df5b9ee2cd6d77427774e04463d590e086
  mParticle-Apple-SDK: 34e77f0e94641cb2aabbf698b8ac53eeb4574d27
  mParticle-Apptentive: 339c51f0128b61de91f261361dace9c78d1bfcc5

PODFILE CHECKSUM: 411a528b9d586df98341c1e76e725e98e1acb3ba

COCOAPODS: 1.11.3
